#include <iostream>
using namespace std;

int main() {
    setlocale(0, ".1251");

    int grade;
    cout << "Введiть оцiнку студента (вiд 0 до 100): ";
    cin >> grade;

    if (grade >= 90 && grade <= 100) {
        cout << "Оцiнка: вiдмiнно" << endl;
    }
    else if (grade >= 75 && grade < 90) {
        cout << "Оцiнка: добре" << endl;
    }
    else if (grade >= 50 && grade < 75) {
        cout << "Оцiнка: задовiльно" << endl;
    }
    else if (grade >= 0 && grade < 50) {
        cout << "Оцiнка: незадовiльно" << endl;
    }
    else {
        cout << "Неправильна оцiнка. Введiть значення вiд 0 до 100." << endl;
    }

    return 0;
}

