#include <iostream>
using namespace std;

int main() {
    setlocale(0, ".1251");

    int num;
    cout << "Введiть цiле число: ";
    cin >> num;
    int remainder = num % 7;
    cout << "Залишок вiд дiлення числа " << num << " на 7: " << remainder << endl;

    int num1, num2;
    cout << "Введiть перше цiле число: ";
    cin >> num1;
    cout << "Введiть друге цiле число: ";
    cin >> num2;

    if (num2 != 0) {
        if (num1 % num2 == 0) {
            cout << num1 << " дiлиться на " << num2 << " без залишку." << endl;
        }
        else {
            cout << num1 << " не дiлиться на " << num2 << " без залишку." << endl;
        }
    }
    else {
        cout << "Дiлення на нуль неможливе." << endl;
    }

    if (num1 % 2 == 0) {
        cout << "Перше число (" << num1 << ") є парним." << endl;
    }
    else {
        cout << "Перше число (" << num1 << ") не є парним." << endl;
    }

    if (num2 % 2 == 0) {
        cout << "Друге число (" << num2 << ") є парним." << endl;
    }
    else {
        cout << "Друге число (" << num2 << ") не є парним." << endl;
    }

    return 0;
}

