#include <iostream>
#include <string>
using namespace std;

int main() {
    setlocale(0, ".1251");

    int age;
    double salary;

    cout << "Введiть ваш вiк: ";
    cin >> age;
    cout << "Введiть вашу зарплату: ";
    cin >> salary;

    if (age > 20 && salary > 400 && salary < 1000) {
        cout << "We will consider your position" << endl;

        string firstName, lastName, desiredPosition;
        cout << "Введiть ваше iм'я: ";
        cin >> firstName;
        cout << "Введiть ваше прiзвище: ";
        cin >> lastName;
        cout << "Введiть бажану посаду: ";
        cin >> desiredPosition;

        cout << "Iм'я: " << firstName << endl;
        cout << "Прiзвище: " << lastName << endl;
        cout << "Вiк: " << age << endl;
        cout << "Зарплата: " << salary << endl;
        cout << "Бажана посада: " << desiredPosition << endl;

    }
    else {
        cout << "You are not suitable" << endl;
    }

    return 0;
}
