
#include <iostream>
using namespace std;

int main() 
{
    setlocale(0, ".1251");
    int num;
    cout << "Введiть цiле число: ";
    cin >> num;
    cout << "Початкове значення: " << num << endl;
    cout << "Пiсля префiксної інкрементацiї (++num): " << ++num << endl;
    cout << "Пiсля постфiксної iнкрементацiї (num++): " << num++ << endl;
    cout << "Значення пiсля постфiксної iнкрементацiї: " << num << endl;
    cout << "Пiсля префiксної декрементацiї (--num): " << --num << endl;
    cout << "Пiсля постфiксної декрементацiї (num--): " << num-- << endl;
    cout << "Значення пiсля постфiксної декрементацiї: " << num << endl;

    return 0;
}
